
Microsoft Visual Studio Solution File, Format Version 12.00
# Visual Studio Version 17
VisualStudioVersion = 17.14.36429.23 d17.14
MinimumVisualStudioVersion = 10.0.40219.1
Project("{FAE04EC0-301F-11D3-BF4B-00C04F79EFBC}") = "InventarioLibros", "InventarioLibros\InventarioLibros.csproj", "{5791DC97-82C3-40AC-ACAE-FA196B9AE2E2}"
EndProject
Global
	GlobalSection(SolutionConfigurationPlatforms) = preSolution
		Debug|Any CPU = Debug|Any CPU
		Release|Any CPU = Release|Any CPU
	EndGlobalSection
	GlobalSection(ProjectConfigurationPlatforms) = postSolution
		{5791DC97-82C3-40AC-ACAE-FA196B9AE2E2}.Debug|Any CPU.ActiveCfg = Debug|Any CPU
		{5791DC97-82C3-40AC-ACAE-FA196B9AE2E2}.Debug|Any CPU.Build.0 = Debug|Any CPU
		{5791DC97-82C3-40AC-ACAE-FA196B9AE2E2}.Release|Any CPU.ActiveCfg = Release|Any CPU
		{5791DC97-82C3-40AC-ACAE-FA196B9AE2E2}.Release|Any CPU.Build.0 = Release|Any CPU
	EndGlobalSection
	GlobalSection(SolutionProperties) = preSolution
		HideSolutionNode = FALSE
	EndGlobalSection
	GlobalSection(ExtensibilityGlobals) = postSolution
		SolutionGuid = {B3F2BE59-894B-46B4-8F38-AC02574789A0}
	EndGlobalSection
EndGlobal
